
Microsoft Visual Studio Solution File, Format Version 12.00
# Visual Studio Version 18
Project("{2150E333-8FDC-42A3-9474-1A3956D46DE8}") = "CMakePredefinedTargets", "CMakePredefinedTargets", "{4FE6C5BE-B1E2-34BD-8B88-F97C81535911}"
EndProject
Project("{2150E333-8FDC-42A3-9474-1A3956D46DE8}") = "GLFW3", "GLFW3", "{B5C2A187-BFCC-3AF1-BFD2-E61030332754}"
EndProject
Project("{8BC9CEB8-8B4A-11D0-8D11-00A0C91BC942}") = "ALL_BUILD", "ALL_BUILD.vcxproj", "{CB0CE6DE-1CCB-325D-A3C7-29FD1FF0193B}"
	ProjectSection(ProjectDependencies) = postProject
		{1B95415F-A154-3EBF-B20D-006B1B43699D} = {1B95415F-A154-3EBF-B20D-006B1B43699D}
		{2F961CBC-260D-3C6B-97F3-E10B7E16EF58} = {2F961CBC-260D-3C6B-97F3-E10B7E16EF58}
	EndProjectSection
EndProject
Project("{8BC9CEB8-8B4A-11D0-8D11-00A0C91BC942}") = "INSTALL", "INSTALL.vcxproj", "{7D24C6E1-2B8D-3DEE-A334-AD9226202C4A}"
	ProjectSection(ProjectDependencies) = postProject
		{CB0CE6DE-1CCB-325D-A3C7-29FD1FF0193B} = {CB0CE6DE-1CCB-325D-A3C7-29FD1FF0193B}
		{1B95415F-A154-3EBF-B20D-006B1B43699D} = {1B95415F-A154-3EBF-B20D-006B1B43699D}
	EndProjectSection
EndProject
Project("{8BC9CEB8-8B4A-11D0-8D11-00A0C91BC942}") = "ZERO_CHECK", "..\..\\ZERO_CHECK.vcxproj", "{1B95415F-A154-3EBF-B20D-006B1B43699D}"
	ProjectSection(ProjectDependencies) = postProject
	EndProjectSection
EndProject
Project("{8BC9CEB8-8B4A-11D0-8D11-00A0C91BC942}") = "glfw", "src\glfw.vcxproj", "{2F961CBC-260D-3C6B-97F3-E10B7E16EF58}"
	ProjectSection(ProjectDependencies) = postProject
		{1B95415F-A154-3EBF-B20D-006B1B43699D} = {1B95415F-A154-3EBF-B20D-006B1B43699D}
	EndProjectSection
EndProject
Project("{8BC9CEB8-8B4A-11D0-8D11-00A0C91BC942}") = "uninstall", "uninstall.vcxproj", "{E2657BF3-6861-3748-BBFC-E795C29B6CB4}"
	ProjectSection(ProjectDependencies) = postProject
		{1B95415F-A154-3EBF-B20D-006B1B43699D} = {1B95415F-A154-3EBF-B20D-006B1B43699D}
	EndProjectSection
EndProject
Project("{8BC9CEB8-8B4A-11D0-8D11-00A0C91BC942}") = "update_mappings", "src\update_mappings.vcxproj", "{903B869E-A371-38C7-AC6C-0D1B18E82BA2}"
	ProjectSection(ProjectDependencies) = postProject
		{1B95415F-A154-3EBF-B20D-006B1B43699D} = {1B95415F-A154-3EBF-B20D-006B1B43699D}
	EndProjectSection
EndProject
Global
	GlobalSection(SolutionConfigurationPlatforms) = preSolution
		Debug|x64 = Debug|x64
		Release|x64 = Release|x64
		MinSizeRel|x64 = MinSizeRel|x64
		RelWithDebInfo|x64 = RelWithDebInfo|x64
	EndGlobalSection
	GlobalSection(ProjectConfigurationPlatforms) = postSolution
		{CB0CE6DE-1CCB-325D-A3C7-29FD1FF0193B}.Debug|x64.ActiveCfg = Debug|x64
		{CB0CE6DE-1CCB-325D-A3C7-29FD1FF0193B}.Debug|x64.Build.0 = Debug|x64
		{CB0CE6DE-1CCB-325D-A3C7-29FD1FF0193B}.Release|x64.ActiveCfg = Release|x64
		{CB0CE6DE-1CCB-325D-A3C7-29FD1FF0193B}.Release|x64.Build.0 = Release|x64
		{CB0CE6DE-1CCB-325D-A3C7-29FD1FF0193B}.MinSizeRel|x64.ActiveCfg = MinSizeRel|x64
		{CB0CE6DE-1CCB-325D-A3C7-29FD1FF0193B}.MinSizeRel|x64.Build.0 = MinSizeRel|x64
		{CB0CE6DE-1CCB-325D-A3C7-29FD1FF0193B}.RelWithDebInfo|x64.ActiveCfg = RelWithDebInfo|x64
		{CB0CE6DE-1CCB-325D-A3C7-29FD1FF0193B}.RelWithDebInfo|x64.Build.0 = RelWithDebInfo|x64
		{7D24C6E1-2B8D-3DEE-A334-AD9226202C4A}.Debug|x64.ActiveCfg = Debug|x64
		{7D24C6E1-2B8D-3DEE-A334-AD9226202C4A}.Release|x64.ActiveCfg = Release|x64
		{7D24C6E1-2B8D-3DEE-A334-AD9226202C4A}.MinSizeRel|x64.ActiveCfg = MinSizeRel|x64
		{7D24C6E1-2B8D-3DEE-A334-AD9226202C4A}.RelWithDebInfo|x64.ActiveCfg = RelWithDebInfo|x64
		{1B95415F-A154-3EBF-B20D-006B1B43699D}.Debug|x64.ActiveCfg = Debug|x64
		{1B95415F-A154-3EBF-B20D-006B1B43699D}.Debug|x64.Build.0 = Debug|x64
		{1B95415F-A154-3EBF-B20D-006B1B43699D}.Release|x64.ActiveCfg = Release|x64
		{1B95415F-A154-3EBF-B20D-006B1B43699D}.Release|x64.Build.0 = Release|x64
		{1B95415F-A154-3EBF-B20D-006B1B43699D}.MinSizeRel|x64.ActiveCfg = MinSizeRel|x64
		{1B95415F-A154-3EBF-B20D-006B1B43699D}.MinSizeRel|x64.Build.0 = MinSizeRel|x64
		{1B95415F-A154-3EBF-B20D-006B1B43699D}.RelWithDebInfo|x64.ActiveCfg = RelWithDebInfo|x64
		{1B95415F-A154-3EBF-B20D-006B1B43699D}.RelWithDebInfo|x64.Build.0 = RelWithDebInfo|x64
		{2F961CBC-260D-3C6B-97F3-E10B7E16EF58}.Debug|x64.ActiveCfg = Debug|x64
		{2F961CBC-260D-3C6B-97F3-E10B7E16EF58}.Debug|x64.Build.0 = Debug|x64
		{2F961CBC-260D-3C6B-97F3-E10B7E16EF58}.Release|x64.ActiveCfg = Release|x64
		{2F961CBC-260D-3C6B-97F3-E10B7E16EF58}.Release|x64.Build.0 = Release|x64
		{2F961CBC-260D-3C6B-97F3-E10B7E16EF58}.MinSizeRel|x64.ActiveCfg = MinSizeRel|x64
		{2F961CBC-260D-3C6B-97F3-E10B7E16EF58}.MinSizeRel|x64.Build.0 = MinSizeRel|x64
		{2F961CBC-260D-3C6B-97F3-E10B7E16EF58}.RelWithDebInfo|x64.ActiveCfg = RelWithDebInfo|x64
		{2F961CBC-260D-3C6B-97F3-E10B7E16EF58}.RelWithDebInfo|x64.Build.0 = RelWithDebInfo|x64
		{E2657BF3-6861-3748-BBFC-E795C29B6CB4}.Debug|x64.ActiveCfg = Debug|x64
		{E2657BF3-6861-3748-BBFC-E795C29B6CB4}.Release|x64.ActiveCfg = Release|x64
		{E2657BF3-6861-3748-BBFC-E795C29B6CB4}.MinSizeRel|x64.ActiveCfg = MinSizeRel|x64
		{E2657BF3-6861-3748-BBFC-E795C29B6CB4}.RelWithDebInfo|x64.ActiveCfg = RelWithDebInfo|x64
		{903B869E-A371-38C7-AC6C-0D1B18E82BA2}.Debug|x64.ActiveCfg = Debug|x64
		{903B869E-A371-38C7-AC6C-0D1B18E82BA2}.Release|x64.ActiveCfg = Release|x64
		{903B869E-A371-38C7-AC6C-0D1B18E82BA2}.MinSizeRel|x64.ActiveCfg = MinSizeRel|x64
		{903B869E-A371-38C7-AC6C-0D1B18E82BA2}.RelWithDebInfo|x64.ActiveCfg = RelWithDebInfo|x64
	EndGlobalSection
	GlobalSection(NestedProjects) = preSolution
		{CB0CE6DE-1CCB-325D-A3C7-29FD1FF0193B} = {4FE6C5BE-B1E2-34BD-8B88-F97C81535911}
		{7D24C6E1-2B8D-3DEE-A334-AD9226202C4A} = {4FE6C5BE-B1E2-34BD-8B88-F97C81535911}
		{1B95415F-A154-3EBF-B20D-006B1B43699D} = {4FE6C5BE-B1E2-34BD-8B88-F97C81535911}
		{2F961CBC-260D-3C6B-97F3-E10B7E16EF58} = {B5C2A187-BFCC-3AF1-BFD2-E61030332754}
		{E2657BF3-6861-3748-BBFC-E795C29B6CB4} = {B5C2A187-BFCC-3AF1-BFD2-E61030332754}
		{903B869E-A371-38C7-AC6C-0D1B18E82BA2} = {B5C2A187-BFCC-3AF1-BFD2-E61030332754}
	EndGlobalSection
	GlobalSection(ExtensibilityGlobals) = postSolution
		SolutionGuid = {62F8ACB2-DE7A-3EEC-9F12-1A6FF8137CB5}
	EndGlobalSection
	GlobalSection(ExtensibilityAddIns) = postSolution
	EndGlobalSection
EndGlobal
